
Microsoft Visual Studio Solution File, Format Version 12.00
# Visual Studio Version 16
VisualStudioVersion = 16.0.30104.148
MinimumVisualStudioVersion = 10.0.40219.1
Project("{FAE04EC0-301F-11D3-BF4B-00C04F79EFBC}") = "HomeProfitGenerator", "HomeProfitGenerator.csproj", "{953D1083-C261-4A90-B3D9-BA03C8790E16}"
EndProject
Global
	GlobalSection(SolutionConfigurationPlatforms) = preSolution
		Debug|Any CPU = Debug|Any CPU
		Release|Any CPU = Release|Any CPU
	EndGlobalSection
	GlobalSection(ProjectConfigurationPlatforms) = postSolution
		{953D1083-C261-4A90-B3D9-BA03C8790E16}.Debug|Any CPU.ActiveCfg = Debug|Any CPU
		{953D1083-C261-4A90-B3D9-BA03C8790E16}.Debug|Any CPU.Build.0 = Debug|Any CPU
		{953D1083-C261-4A90-B3D9-BA03C8790E16}.Release|Any CPU.ActiveCfg = Release|Any CPU
		{953D1083-C261-4A90-B3D9-BA03C8790E16}.Release|Any CPU.Build.0 = Release|Any CPU
	EndGlobalSection
	GlobalSection(SolutionProperties) = preSolution
		HideSolutionNode = FALSE
	EndGlobalSection
	GlobalSection(ExtensibilityGlobals) = postSolution
		SolutionGuid = {5E6AEC0B-1F55-4205-B6E4-F02DC2FEABFC}
	EndGlobalSection
EndGlobal
